
Microsoft Visual Studio Solution File, Format Version 12.00
# Visual Studio Version 17
VisualStudioVersion = 17.4.33122.133
MinimumVisualStudioVersion = 10.0.40219.1
Project("{FAE04EC0-301F-11D3-BF4B-00C04F79EFBC}") = "snake_game", "snake_game\snake_game.csproj", "{5C9CE755-18BD-461C-A3C2-C9D91950353C}"
EndProject
Global
	GlobalSection(SolutionConfigurationPlatforms) = preSolution
		Debug|Any CPU = Debug|Any CPU
		Release|Any CPU = Release|Any CPU
	EndGlobalSection
	GlobalSection(ProjectConfigurationPlatforms) = postSolution
		{5C9CE755-18BD-461C-A3C2-C9D91950353C}.Debug|Any CPU.ActiveCfg = Debug|Any CPU
		{5C9CE755-18BD-461C-A3C2-C9D91950353C}.Debug|Any CPU.Build.0 = Debug|Any CPU
		{5C9CE755-18BD-461C-A3C2-C9D91950353C}.Release|Any CPU.ActiveCfg = Release|Any CPU
		{5C9CE755-18BD-461C-A3C2-C9D91950353C}.Release|Any CPU.Build.0 = Release|Any CPU
	EndGlobalSection
	GlobalSection(SolutionProperties) = preSolution
		HideSolutionNode = FALSE
	EndGlobalSection
	GlobalSection(ExtensibilityGlobals) = postSolution
		SolutionGuid = {1022772D-73E0-4C59-8B1F-E662193C4456}
	EndGlobalSection
EndGlobal
